
Microsoft Visual Studio Solution File, Format Version 12.00
# Visual Studio Version 17
VisualStudioVersion = 17.8.34330.188
MinimumVisualStudioVersion = 10.0.40219.1
Project("{FAE04EC0-301F-11D3-BF4B-00C04F79EFBC}") = "HomeworkTypeCoversions", "HomeworkTypeCoversions\HomeworkTypeCoversions.csproj", "{EE1B9C2A-9564-4560-B335-4C755C689BFD}"
EndProject
Global
	GlobalSection(SolutionConfigurationPlatforms) = preSolution
		Debug|Any CPU = Debug|Any CPU
		Release|Any CPU = Release|Any CPU
	EndGlobalSection
	GlobalSection(ProjectConfigurationPlatforms) = postSolution
		{EE1B9C2A-9564-4560-B335-4C755C689BFD}.Debug|Any CPU.ActiveCfg = Debug|Any CPU
		{EE1B9C2A-9564-4560-B335-4C755C689BFD}.Debug|Any CPU.Build.0 = Debug|Any CPU
		{EE1B9C2A-9564-4560-B335-4C755C689BFD}.Release|Any CPU.ActiveCfg = Release|Any CPU
		{EE1B9C2A-9564-4560-B335-4C755C689BFD}.Release|Any CPU.Build.0 = Release|Any CPU
	EndGlobalSection
	GlobalSection(SolutionProperties) = preSolution
		HideSolutionNode = FALSE
	EndGlobalSection
	GlobalSection(ExtensibilityGlobals) = postSolution
		SolutionGuid = {1306153D-2986-4DA4-86EA-9603E9EAFE31}
	EndGlobalSection
EndGlobal
